// !$*UTF8*$!
{
	archiveVersion = 1;
	classes = {
	};
	objectVersion = 50;
	objects = {

/* Begin PBXBuildFile section */
		96237B4E22C8D4E700AE5C60 /* AppDelegate.swift in Sources */ = {isa = PBXBuildFile; fileRef = 96237B4D22C8D4E700AE5C60 /* AppDelegate.swift */; };
		96237B5022C8D4E700AE5C60 /* ViewController.swift in Sources */ = {isa = PBXBuildFile; fileRef = 96237B4F22C8D4E700AE5C60 /* ViewController.swift */; };
		96237B5322C8D4E700AE5C60 /* Main.storyboard in Resources */ = {isa = PBXBuildFile; fileRef = 96237B5122C8D4E700AE5C60 /* Main.storyboard */; };
		96237B5522C8D4E900AE5C60 /* Assets.xcassets in Resources */ = {isa = PBXBuildFile; fileRef = 96237B5422C8D4E900AE5C60 /* Assets.xcassets */; };
		96237B5822C8D4E900AE5C60 /* LaunchScreen.storyboard in Resources */ = {isa = PBXBuildFile; fileRef = 96237B5622C8D4E900AE5C60 /* LaunchScreen.storyboard */; };
		962595B922D25F0700F8816E /* WebKit.framework in Frameworks */ = {isa = PBXBuildFile; fileRef = 962595B822D25F0700F8816E /* WebKit.framework */; };
		96279CD722D231B400C5429A /* BullsEye.html in Resources */ = {isa = PBXBuildFile; fileRef = 96279CD622D231B400C5429A /* BullsEye.html */; };
		9627C32222D004560073D01C /* AboutViewController.swift in Sources */ = {isa = PBXBuildFile; fileRef = 9627C32122D004560073D01C /* AboutViewController.swift */; };
		9627C32422D007260073D01C /* AuthorViewController.swift in Sources */ = {isa = PBXBuildFile; fileRef = 9627C32322D007260073D01C /* AuthorViewController.swift */; };
/* End PBXBuildFile section */

/* Begin PBXFileReference section */
		96237B4A22C8D4E700AE5C60 /* BullsEye.app */ = {isa = PBXFileReference; explicitFileType = wrapper.application; includeInIndex = 0; path = BullsEye.app; sourceTree = BUILT_PRODUCTS_DIR; };
		96237B4D22C8D4E700AE5C60 /* AppDelegate.swift */ = {isa = PBXFileReference; lastKnownFileType = sourcecode.swift; path = AppDelegate.swift; sourceTree = "<group>"; };
		96237B4F22C8D4E700AE5C60 /* ViewController.swift */ = {isa = PBXFileReference; lastKnownFileType = sourcecode.swift; path = ViewController.swift; sourceTree = "<group>"; };
		96237B5222C8D4E700AE5C60 /* Base */ = {isa = PBXFileReference; lastKnownFileType = file.storyboard; name = Base; path = Base.lproj/Main.storyboard; sourceTree = "<group>"; };
		96237B5422C8D4E900AE5C60 /* Assets.xcassets */ = {isa = PBXFileReference; lastKnownFileType = folder.assetcatalog; path = Assets.xcassets; sourceTree = "<group>"; };
		96237B5722C8D4E900AE5C60 /* Base */ = {isa = PBXFileReference; lastKnownFileType = file.storyboard; name = Base; path = Base.lproj/LaunchScreen.storyboard; sourceTree = "<group>"; };
		96237B5922C8D4E900AE5C60 /* Info.plist */ = {isa = PBXFileReference; lastKnownFileType = text.plist.xml; path = Info.plist; sourceTree = "<group>"; };
		962595B822D25F0700F8816E /* WebKit.framework */ = {isa = PBXFileReference; lastKnownFileType = wrapper.framework; name = WebKit.framework; path = System/Library/Frameworks/WebKit.framework; sourceTree = SDKROOT; };
		96279CD622D231B400C5429A /* BullsEye.html */ = {isa = PBXFileReference; fileEncoding = 4; lastKnownFileType = text.html; path = BullsEye.html; sourceTree = "<group>"; };
		9627C32122D004560073D01C /* AboutViewController.swift */ = {isa = PBXFileReference; lastKnownFileType = sourcecode.swift; path = AboutViewController.swift; sourceTree = "<group>"; };
		9627C32322D007260073D01C /* AuthorViewController.swift */ = {isa = PBXFileReference; lastKnownFileType = sourcecode.swift; path = AuthorViewController.swift; sourceTree = "<group>"; };
/* End PBXFileReference section */

/* Begin PBXFrameworksBuildPhase section */
		96237B4722C8D4E700AE5C60 /* Frameworks */ = {
			isa = PBXFrameworksBuildPhase;
			buildActionMask = 2147483647;
			files = (
				962595B922D25F0700F8816E /* WebKit.framework in Frameworks */,
			);
			runOnlyForDeploymentPostprocessing = 0;
		};
/* End PBXFrameworksBuildPhase section */

/* Begin PBXGroup section */
		96237B4122C8D4E700AE5C60 = {
			isa = PBXGroup;
			children = (
				96237B4C22C8D4E700AE5C60 /* BullsEye */,
				96237B4B22C8D4E700AE5C60 /* Products */,
				962595B722D25F0700F8816E /* Frameworks */,
			);
			sourceTree = "<group>";
		};
		96237B4B22C8D4E700AE5C60 /* Products */ = {
			isa = PBXGroup;
			children = (
				96237B4A22C8D4E700AE5C60 /* BullsEye.app */,
			);
			name = Products;
			sourceTree = "<group>";
		};
		96237B4C22C8D4E700AE5C60 /* BullsEye */ = {
			isa = PBXGroup;
			children = (
				96237B4D22C8D4E700AE5C60 /* AppDelegate.swift */,
				96237B4F22C8D4E700AE5C60 /* ViewController.swift */,
				9627C32122D004560073D01C /* AboutViewController.swift */,
				9627C32322D007260073D01C /* AuthorViewController.swift */,
				96237B5122C8D4E700AE5C60 /* Main.storyboard */,
				96237B5422C8D4E900AE5C60 /* Assets.xcassets */,
				96237B5622C8D4E900AE5C60 /* LaunchScreen.storyboard */,
				96237B5922C8D4E900AE5C60 /* Info.plist */,
				96279CD622D231B400C5429A /* BullsEye.html */,
			);
			path = BullsEye;
			sourceTree = "<group>";
		};
		962595B722D25F0700F8816E /* Frameworks */ = {
			isa = PBXGroup;
			children = (
				962595B822D25F0700F8816E /* WebKit.framework */,
			);
			name = Frameworks;
			sourceTree = "<group>";
		};
/* End PBXGroup section */

/* Begin PBXNativeTarget section */
		96237B4922C8D4E700AE5C60 /* BullsEye */ = {
			isa = PBXNativeTarget;
			buildConfigurationList = 96237B5C22C8D4E900AE5C60 /* Build configuration list for PBXNativeTarget "BullsEye" */;
			buildPhases = (
				96237B4622C8D4E700AE5C60 /* Sources */,
				96237B4722C8D4E700AE5C60 /* Frameworks */,
				96237B4822C8D4E700AE5C60 /* Resources */,
			);
			buildRules = (
			);
			dependencies = (
			);
			name = BullsEye;
			productName = BullsEye;
			productReference = 96237B4A22C8D4E700AE5C60 /* BullsEye.app */;
			productType = "com.apple.product-type.application";
		};
/* End PBXNativeTarget section */

/* Begin PBXProject section */
		96237B4222C8D4E700AE5C60 /* Project object */ = {
			isa = PBXProject;
			attributes = {
				LastSwiftUpdateCheck = 1020;
				LastUpgradeCheck = 1020;
				ORGANIZATIONNAME = EG;
				TargetAttributes = {
					96237B4922C8D4E700AE5C60 = {
						CreatedOnToolsVersion = 10.2;
					};
				};
			};
			buildConfigurationList = 96237B4522C8D4E700AE5C60 /* Build configuration list for PBXProject "BullsEye" */;
			compatibilityVersion = "Xcode 9.3";
			developmentRegion = en;
			hasScannedForEncodings = 0;
			knownRegions = (
				en,
				Base,
			);
			mainGroup = 96237B4122C8D4E700AE5C60;
			productRefGroup = 96237B4B22C8D4E700AE5C60 /* Products */;
			projectDirPath = "";
			projectRoot = "";
			targets = (
				96237B4922C8D4E700AE5C60 /* BullsEye */,
			);
		};
/* End PBXProject section */

/* Begin PBXResourcesBuildPhase section */
		96237B4822C8D4E700AE5C60 /* Resources */ = {
			isa = PBXResourcesBuildPhase;
			buildActionMask = 2147483647;
			files = (
				96237B5822C8D4E900AE5C60 /* LaunchScreen.storyboard in Resources */,
				96279CD722D231B400C5429A /* BullsEye.html in Resources */,
				96237B5522C8D4E900AE5C60 /* Assets.xcassets in Resources */,
				96237B5322C8D4E700AE5C60 /* Main.storyboard in Resources */,
			);
			runOnlyForDeploymentPostprocessing = 0;
		};
/* End PBXResourcesBuildPhase section */

/* Begin PBXSourcesBuildPhase section */
		96237B4622C8D4E700AE5C60 /* Sources */ = {
			isa = PBXSourcesBuildPhase;
			buildActionMask = 2147483647;
			files = (
				9627C32222D004560073D01C /* AboutViewController.swift in Sources */,
				96237B5022C8D4E700AE5C60 /* ViewController.swift in Sources */,
				96237B4E22C8D4E700AE5C60 /* AppDelegate.swift in Sources */,
				9627C32422D007260073D01C /* AuthorViewController.swift in Sources */,
			);
			runOnlyForDeploymentPostprocessing = 0;
		};
/* End PBXSourcesBuildPhase section */

/* Begin PBXVariantGroup section */
		96237B5122C8D4E700AE5C60 /* Main.storyboard */ = {
			isa = PBXVariantGroup;
			children = (
				96237B5222C8D4E700AE5C60 /* Base */,
			);
			name = Main.storyboard;
			sourceTree = "<group>";
		};
		96237B5622C8D4E900AE5C60 /* LaunchScreen.storyboard */ = {
			isa = PBXVariantGroup;
			children = (
				96237B5722C8D4E900AE5C60 /* Base */,
			);
			name = LaunchScreen.storyboard;
			sourceTree = "<group>";
		};
/* End PBXVariantGroup section */

/* Begin XCBuildConfiguration section */
		96237B5A22C8D4E900AE5C60 /* Debug */ = {
			isa = XCBuildConfiguration;
			buildSettings = {
				ALWAYS_SEARCH_USER_PATHS = NO;
				CLANG_ANALYZER_NONNULL = YES;
				CLANG_ANALYZER_NUMBER_OBJECT_CONVERSION = YES_AGGRESSIVE;
				CLANG_CXX_LANGUAGE_STANDARD = "gnu++14";
				CLANG_CXX_LIBRARY = "libc++";
				CLANG_ENABLE_MODULES = YES;
				CLANG_ENABLE_OBJC_ARC = YES;
				CLANG_ENABLE_OBJC_WEAK = YES;
				CLANG_WARN_BLOCK_CAPTURE_AUTORELEASING = YES;
				CLANG_WARN_BOOL_CONVERSION = YES;
				CLANG_WARN_COMMA = YES;
				CLANG_WARN_CONSTANT_CONVERSION = YES;
				CLANG_WARN_DEPRECATED_OBJC_IMPLEMENTATIONS = YES;
				CLANG_WARN_DIRECT_OBJC_ISA_USAGE = YES_ERROR;
				CLANG_WARN_DOCUMENTATION_COMMENTS = YES;
				CLANG_WARN_EMPTY_BODY = YES;
				CLANG_WARN_ENUM_CONVERSION = YES;
				CLANG_WARN_INFINITE_RECURSION = YES;
				CLANG_WARN_INT_CONVERSION = YES;
				CLANG_WARN_NON_LITERAL_NULL_CONVERSION = YES;
				CLANG_WARN_OBJC_IMPLICIT_RETAIN_SELF = YES;
				CLANG_WARN_OBJC_LITERAL_CONVERSION = YES;
				CLANG_WARN_OBJC_ROOT_CLASS = YES_ERROR;
				CLANG_WARN_RANGE_LOOP_ANALYSIS = YES;
				CLANG_WARN_STRICT_PROTOTYPES = YES;
				CLANG_WARN_SUSPICIOUS_MOVE = YES;
				CLANG_WARN_UNGUARDED_AVAILABILITY = YES_AGGRESSIVE;
				CLANG_WARN_UNREACHABLE_CODE = YES;
				CLANG_WARN__DUPLICATE_METHOD_MATCH = YES;
				CODE_SIGN_IDENTITY = "iPhone Developer";
				COPY_PHASE_STRIP = NO;
				DEBUG_INFORMATION_FORMAT = dwarf;
				ENABLE_STRICT_OBJC_MSGSEND = YES;
				ENABLE_TESTABILITY = YES;
				GCC_C_LANGUAGE_STANDARD = gnu11;
				GCC_DYNAMIC_NO_PIC = NO;
				GCC_NO_COMMON_BLOCKS = YES;
				GCC_OPTIMIZATION_LEVEL = 0;
				GCC_PREPROCESSOR_DEFINITIONS = (
					"DEBUG=1",
					"$(inherited)",
				);
				GCC_WARN_64_TO_32_BIT_CONVERSION = YES;
				GCC_WARN_ABOUT_RETURN_TYPE = YES_ERROR;
				GCC_WARN_UNDECLARED_SELECTOR = YES;
				GCC_WARN_UNINITIALIZED_AUTOS = YES_AGGRESSIVE;
				GCC_WARN_UNUSED_FUNCTION = YES;
				GCC_WARN_UNUSED_VARIABLE = YES;
				IPHONEOS_DEPLOYMENT_TARGET = 12.2;
				MTL_ENABLE_DEBUG_INFO = INCLUDE_SOURCE;
				MTL_FAST_MATH = YES;
				ONLY_ACTIVE_ARCH = YES;
				SDKROOT = iphoneos;
				SWIFT_ACTIVE_COMPILATION_CONDITIONS = DEBUG;
				SWIFT_OPTIMIZATION_LEVEL = "-Onone";
			};
			name = Debug;
		};
		96237B5B22C8D4E900AE5C60 /* Release */ = {
			isa = XCBuildConfiguration;
			buildSettings = {
				ALWAYS_SEARCH_USER_PATHS = NO;
				CLANG_ANALYZER_NONNULL = YES;
				CLANG_ANALYZER_NUMBER_OBJECT_CONVERSION = YES_AGGRESSIVE;
				CLANG_CXX_LANGUAGE_STANDARD = "gnu++14";
				CLANG_CXX_LIBRARY = "libc++";
				CLANG_ENABLE_MODULES = YES;
				CLANG_ENABLE_OBJC_ARC = YES;
				CLANG_ENABLE_OBJC_WEAK = YES;
				CLANG_WARN_BLOCK_CAPTURE_AUTORELEASING = YES;
				CLANG_WARN_BOOL_CONVERSION = YES;
				CLANG_WARN_COMMA = YES;
				CLANG_WARN_CONSTANT_CONVERSION = YES;
				CLANG_WARN_DEPRECATED_OBJC_IMPLEMENTATIONS = YES;
				CLANG_WARN_DIRECT_OBJC_ISA_USAGE = YES_ERROR;
				CLANG_WARN_DOCUMENTATION_COMMENTS = YES;
				CLANG_WARN_EMPTY_BODY = YES;
				CLANG_WARN_ENUM_CONVERSION = YES;
				CLANG_WARN_INFINITE_RECURSION = YES;
				CLANG_WARN_INT_CONVERSION = YES;
				CLANG_WARN_NON_LITERAL_NULL_CONVERSION = YES;
				CLANG_WARN_OBJC_IMPLICIT_RETAIN_SELF = YES;
				CLANG_WARN_OBJC_LITERAL_CONVERSION = YES;
				CLANG_WARN_OBJC_ROOT_CLASS = YES_ERROR;
				CLANG_WARN_RANGE_LOOP_ANALYSIS = YES;
				CLANG_WARN_STRICT_PROTOTYPES = YES;
				CLANG_WARN_SUSPICIOUS_MOVE = YES;
				CLANG_WARN_UNGUARDED_AVAILABILITY = YES_AGGRESSIVE;
				CLANG_WARN_UNREACHABLE_CODE = YES;
				CLANG_WARN__DUPLICATE_METHOD_MATCH = YES;
				CODE_SIGN_IDENTITY = "iPhone Developer";
				COPY_PHASE_STRIP = NO;
				DEBUG_INFORMATION_FORMAT = "dwarf-with-dsym";
				ENABLE_NS_ASSERTIONS = NO;
				ENABLE_STRICT_OBJC_MSGSEND = YES;
				GCC_C_LANGUAGE_STANDARD = gnu11;
				GCC_NO_COMMON_BLOCKS = YES;
				GCC_WARN_64_TO_32_BIT_CONVERSION = YES;
				GCC_WARN_ABOUT_RETURN_TYPE = YES_ERROR;
				GCC_WARN_UNDECLARED_SELECTOR = YES;
				GCC_WARN_UNINITIALIZED_AUTOS = YES_AGGRESSIVE;
				GCC_WARN_UNUSED_FUNCTION = YES;
				GCC_WARN_UNUSED_VARIABLE = YES;
				IPHONEOS_DEPLOYMENT_TARGET = 12.2;
				MTL_ENABLE_DEBUG_INFO = NO;
				MTL_FAST_MATH = YES;
				SDKROOT = iphoneos;
				SWIFT_COMPILATION_MODE = wholemodule;
				SWIFT_OPTIMIZATION_LEVEL = "-O";
				VALIDATE_PRODUCT = YES;
			};
			name = Release;
		};
		96237B5D22C8D4E900AE5C60 /* Debug */ = {
			isa = XCBuildConfiguration;
			buildSettings = {
				ASSETCATALOG_COMPILER_APPICON_NAME = AppIcon;
				CODE_SIGN_STYLE = Automatic;
				DEVELOPMENT_TEAM = A6J7V5A9NR;
				INFOPLIST_FILE = BullsEye/Info.plist;
				LD_RUNPATH_SEARCH_PATHS = (
					"$(inherited)",
					"@executable_path/Frameworks",
				);
				PRODUCT_BUNDLE_IDENTIFIER = com.ernestgodlewski.BullsEye;
				PRODUCT_NAME = "$(TARGET_NAME)";
				SWIFT_VERSION = 5.0;
				TARGETED_DEVICE_FAMILY = 1;
			};
			name = Debug;
		};
		96237B5E22C8D4E900AE5C60 /* Release */ = {
			isa = XCBuildConfiguration;
			buildSettings = {
				ASSETCATALOG_COMPILER_APPICON_NAME = AppIcon;
				CODE_SIGN_STYLE = Automatic;
				DEVELOPMENT_TEAM = A6J7V5A9NR;
				INFOPLIST_FILE = BullsEye/Info.plist;
				LD_RUNPATH_SEARCH_PATHS = (
					"$(inherited)",
					"@executable_path/Frameworks",
				);
				PRODUCT_BUNDLE_IDENTIFIER = com.ernestgodlewski.BullsEye;
				PRODUCT_NAME = "$(TARGET_NAME)";
				SWIFT_VERSION = 5.0;
				TARGETED_DEVICE_FAMILY = 1;
			};
			name = Release;
		};
/* End XCBuildConfiguration section */

/* Begin XCConfigurationList section */
		96237B4522C8D4E700AE5C60 /* Build configuration list for PBXProject "BullsEye" */ = {
			isa = XCConfigurationList;
			buildConfigurations = (
				96237B5A22C8D4E900AE5C60 /* Debug */,
				96237B5B22C8D4E900AE5C60 /* Release */,
			);
			defaultConfigurationIsVisible = 0;
			defaultConfigurationName = Release;
		};
		96237B5C22C8D4E900AE5C60 /* Build configuration list for PBXNativeTarget "BullsEye" */ = {
			isa = XCConfigurationList;
			buildConfigurations = (
				96237B5D22C8D4E900AE5C60 /* Debug */,
				96237B5E22C8D4E900AE5C60 /* Release */,
			);
			defaultConfigurationIsVisible = 0;
			defaultConfigurationName = Release;
		};
/* End XCConfigurationList section */
	};
	rootObject = 96237B4222C8D4E700AE5C60 /* Project object */;
}
